PODS:
  - Flutter (1.0.0)
  - native_opencv (0.0.1)

DEPENDENCIES:
  - Flutter (from `Flutter`)
  - native_opencv (from `..`)

EXTERNAL SOURCES:
  Flutter:
    :path: Flutter
  native_opencv:
    :path: ".."

SPEC CHECKSUMS:
  Flutter: cabc95a1d2626b1b06e7179b784ebcf0c0cde467
  native_opencv: 84dc9fbdf0f5a3b17f7b45dfd09bdf2396c0e162

PODFILE CHECKSUM: d19399d90bc8f7d67f9d419c09da748d8f459d05

COCOAPODS: 1.16.2
